// !$*UTF8*$!
{
	archiveVersion = 1;
	classes = {
	};
	objectVersion = 52;
	objects = {

/* Begin PBXBuildFile section */
		644F6B26266952EF0000629F /* CreditsView.swift in Sources */ = {isa = PBXBuildFile; fileRef = 644F6B25266952EF0000629F /* CreditsView.swift */; };
		644F6B29266955420000629F /* CenterModifier.swift in Sources */ = {isa = PBXBuildFile; fileRef = 644F6B28266955420000629F /* CenterModifier.swift */; };
		648E00D32663E3ED0019E5ED /* africa_swiftuiApp.swift in Sources */ = {isa = PBXBuildFile; fileRef = 648E00D22663E3ED0019E5ED /* africa_swiftuiApp.swift */; };
		648E00D52663E3ED0019E5ED /* ContentView.swift in Sources */ = {isa = PBXBuildFile; fileRef = 648E00D42663E3ED0019E5ED /* ContentView.swift */; };
		648E00D72663E3EE0019E5ED /* Assets.xcassets in Resources */ = {isa = PBXBuildFile; fileRef = 648E00D62663E3EE0019E5ED /* Assets.xcassets */; };
		648E00DA2663E3EE0019E5ED /* Preview Assets.xcassets in Resources */ = {isa = PBXBuildFile; fileRef = 648E00D92663E3EE0019E5ED /* Preview Assets.xcassets */; };
		648E00EC2663E6F00019E5ED /* lion.mp4 in Resources */ = {isa = PBXBuildFile; fileRef = 648E00E22663E6EE0019E5ED /* lion.mp4 */; };
		648E00ED2663E6F00019E5ED /* rhino.mp4 in Resources */ = {isa = PBXBuildFile; fileRef = 648E00E32663E6EE0019E5ED /* rhino.mp4 */; };
		648E00EE2663E6F00019E5ED /* gorilla.mp4 in Resources */ = {isa = PBXBuildFile; fileRef = 648E00E42663E6EF0019E5ED /* gorilla.mp4 */; };
		648E00EF2663E6F00019E5ED /* lioness.mp4 in Resources */ = {isa = PBXBuildFile; fileRef = 648E00E52663E6EF0019E5ED /* lioness.mp4 */; };
		648E00F02663E6F00019E5ED /* ostrich.mp4 in Resources */ = {isa = PBXBuildFile; fileRef = 648E00E62663E6EF0019E5ED /* ostrich.mp4 */; };
		648E00F12663E6F00019E5ED /* giraffe.mp4 in Resources */ = {isa = PBXBuildFile; fileRef = 648E00E72663E6EF0019E5ED /* giraffe.mp4 */; };
		648E00F22663E6F00019E5ED /* cheetah.mp4 in Resources */ = {isa = PBXBuildFile; fileRef = 648E00E82663E6F00019E5ED /* cheetah.mp4 */; };
		648E00F32663E6F00019E5ED /* zebra.mp4 in Resources */ = {isa = PBXBuildFile; fileRef = 648E00E92663E6F00019E5ED /* zebra.mp4 */; };
		648E00F42663E6F00019E5ED /* hippo.mp4 in Resources */ = {isa = PBXBuildFile; fileRef = 648E00EA2663E6F00019E5ED /* hippo.mp4 */; };
		648E00F52663E6F00019E5ED /* elephant.mp4 in Resources */ = {isa = PBXBuildFile; fileRef = 648E00EB2663E6F00019E5ED /* elephant.mp4 */; };
		648E00FB2663E7690019E5ED /* locations.json in Resources */ = {isa = PBXBuildFile; fileRef = 648E00F72663E7690019E5ED /* locations.json */; };
		648E00FC2663E7690019E5ED /* animals.json in Resources */ = {isa = PBXBuildFile; fileRef = 648E00F82663E7690019E5ED /* animals.json */; };
		648E00FD2663E7690019E5ED /* videos.json in Resources */ = {isa = PBXBuildFile; fileRef = 648E00F92663E7690019E5ED /* videos.json */; };
		648E00FE2663E7690019E5ED /* covers.json in Resources */ = {isa = PBXBuildFile; fileRef = 648E00FA2663E7690019E5ED /* covers.json */; };
		648E01012663E9AD0019E5ED /* VideoListView.swift in Sources */ = {isa = PBXBuildFile; fileRef = 648E01002663E9AD0019E5ED /* VideoListView.swift */; };
		648E01032663E9C00019E5ED /* MapView.swift in Sources */ = {isa = PBXBuildFile; fileRef = 648E01022663E9C00019E5ED /* MapView.swift */; };
		648E01052663E9D20019E5ED /* GalleryView.swift in Sources */ = {isa = PBXBuildFile; fileRef = 648E01042663E9D20019E5ED /* GalleryView.swift */; };
		648E01072663E9E60019E5ED /* MainView.swift in Sources */ = {isa = PBXBuildFile; fileRef = 648E01062663E9E60019E5ED /* MainView.swift */; };
		648E010A2663FE1F0019E5ED /* CoverImageView.swift in Sources */ = {isa = PBXBuildFile; fileRef = 648E01092663FE1F0019E5ED /* CoverImageView.swift */; };
		648E010D2664015F0019E5ED /* CoverImageModel.swift in Sources */ = {isa = PBXBuildFile; fileRef = 648E010C2664015F0019E5ED /* CoverImageModel.swift */; };
		648E0110266402620019E5ED /* CodableBundleExtension.swift in Sources */ = {isa = PBXBuildFile; fileRef = 648E010F266402620019E5ED /* CodableBundleExtension.swift */; };
		648E011226640A760019E5ED /* AnimalListItemView.swift in Sources */ = {isa = PBXBuildFile; fileRef = 648E011126640A760019E5ED /* AnimalListItemView.swift */; };
		648E011426640F670019E5ED /* AnimalModel.swift in Sources */ = {isa = PBXBuildFile; fileRef = 648E011326640F670019E5ED /* AnimalModel.swift */; };
		648E0118266447C30019E5ED /* AnimalDetailView.swift in Sources */ = {isa = PBXBuildFile; fileRef = 648E0117266447C30019E5ED /* AnimalDetailView.swift */; };
		648E011A266503F80019E5ED /* HeadingView.swift in Sources */ = {isa = PBXBuildFile; fileRef = 648E0119266503F80019E5ED /* HeadingView.swift */; };
		648E011C266507520019E5ED /* InsetGalleryView.swift in Sources */ = {isa = PBXBuildFile; fileRef = 648E011B266507520019E5ED /* InsetGalleryView.swift */; };
		648E011E26650F5B0019E5ED /* InsetFactView.swift in Sources */ = {isa = PBXBuildFile; fileRef = 648E011D26650F5B0019E5ED /* InsetFactView.swift */; };
		648E01202665414E0019E5ED /* InsetMapView.swift in Sources */ = {isa = PBXBuildFile; fileRef = 648E011F2665414E0019E5ED /* InsetMapView.swift */; };
		648E01222665456A0019E5ED /* ExternalWeblinkView.swift in Sources */ = {isa = PBXBuildFile; fileRef = 648E01212665456A0019E5ED /* ExternalWeblinkView.swift */; };
		648E012426654DCC0019E5ED /* VideoModel.swift in Sources */ = {isa = PBXBuildFile; fileRef = 648E012326654DCC0019E5ED /* VideoModel.swift */; };
		648E012626654E450019E5ED /* VideoListItemView.swift in Sources */ = {isa = PBXBuildFile; fileRef = 648E012526654E450019E5ED /* VideoListItemView.swift */; };
		648E0128266572D90019E5ED /* VideoPlayerView.swift in Sources */ = {isa = PBXBuildFile; fileRef = 648E0127266572D90019E5ED /* VideoPlayerView.swift */; };
		648E012B266574E30019E5ED /* VideoPlayerHelper.swift in Sources */ = {isa = PBXBuildFile; fileRef = 648E012A266574E30019E5ED /* VideoPlayerHelper.swift */; };
		648E012D26657AD60019E5ED /* LocationModel.swift in Sources */ = {isa = PBXBuildFile; fileRef = 648E012C26657AD60019E5ED /* LocationModel.swift */; };
		648E012F266580F70019E5ED /* MapAnnotationView.swift in Sources */ = {isa = PBXBuildFile; fileRef = 648E012E266580F70019E5ED /* MapAnnotationView.swift */; };
		648E01312666AB8A0019E5ED /* MotionAnimationView.swift in Sources */ = {isa = PBXBuildFile; fileRef = 648E01302666AB8A0019E5ED /* MotionAnimationView.swift */; };
		648E013326681C390019E5ED /* AnimalGridItemView.swift in Sources */ = {isa = PBXBuildFile; fileRef = 648E013226681C390019E5ED /* AnimalGridItemView.swift */; };
		648E013926682C3C0019E5ED /* Stickers.xcassets in Resources */ = {isa = PBXBuildFile; fileRef = 648E013826682C3C0019E5ED /* Stickers.xcassets */; };
		648E013D26682C3C0019E5ED /* stickers.appex in Embed App Extensions */ = {isa = PBXBuildFile; fileRef = 648E013626682C390019E5ED /* stickers.appex */; platformFilter = ios; settings = {ATTRIBUTES = (RemoveHeadersOnCopy, ); }; };
/* End PBXBuildFile section */

/* Begin PBXContainerItemProxy section */
		648E013B26682C3C0019E5ED /* PBXContainerItemProxy */ = {
			isa = PBXContainerItemProxy;
			containerPortal = 648E00C72663E3ED0019E5ED /* Project object */;
			proxyType = 1;
			remoteGlobalIDString = 648E013526682C390019E5ED;
			remoteInfo = stickers;
		};
/* End PBXContainerItemProxy section */

/* Begin PBXCopyFilesBuildPhase section */
		648E014126682C3C0019E5ED /* Embed App Extensions */ = {
			isa = PBXCopyFilesBuildPhase;
			buildActionMask = 2147483647;
			dstPath = "";
			dstSubfolderSpec = 13;
			files = (
				648E013D26682C3C0019E5ED /* stickers.appex in Embed App Extensions */,
			);
			name = "Embed App Extensions";
			runOnlyForDeploymentPostprocessing = 0;
		};
/* End PBXCopyFilesBuildPhase section */

/* Begin PBXFileReference section */
		644F6B25266952EF0000629F /* CreditsView.swift */ = {isa = PBXFileReference; lastKnownFileType = sourcecode.swift; path = CreditsView.swift; sourceTree = "<group>"; };
		644F6B28266955420000629F /* CenterModifier.swift */ = {isa = PBXFileReference; lastKnownFileType = sourcecode.swift; path = CenterModifier.swift; sourceTree = "<group>"; };
		644F6B2A26695A850000629F /* africa-swiftui.entitlements */ = {isa = PBXFileReference; lastKnownFileType = text.plist.entitlements; path = "africa-swiftui.entitlements"; sourceTree = "<group>"; };
		644F6B2B26695C190000629F /* stickers.entitlements */ = {isa = PBXFileReference; lastKnownFileType = text.plist.entitlements; path = stickers.entitlements; sourceTree = "<group>"; };
		648E00CF2663E3ED0019E5ED /* africa-swiftui.app */ = {isa = PBXFileReference; explicitFileType = wrapper.application; includeInIndex = 0; path = "africa-swiftui.app"; sourceTree = BUILT_PRODUCTS_DIR; };
		648E00D22663E3ED0019E5ED /* africa_swiftuiApp.swift */ = {isa = PBXFileReference; lastKnownFileType = sourcecode.swift; path = africa_swiftuiApp.swift; sourceTree = "<group>"; };
		648E00D42663E3ED0019E5ED /* ContentView.swift */ = {isa = PBXFileReference; lastKnownFileType = sourcecode.swift; path = ContentView.swift; sourceTree = "<group>"; };
		648E00D62663E3EE0019E5ED /* Assets.xcassets */ = {isa = PBXFileReference; lastKnownFileType = folder.assetcatalog; path = Assets.xcassets; sourceTree = "<group>"; };
		648E00D92663E3EE0019E5ED /* Preview Assets.xcassets */ = {isa = PBXFileReference; lastKnownFileType = folder.assetcatalog; path = "Preview Assets.xcassets"; sourceTree = "<group>"; };
		648E00DB2663E3EE0019E5ED /* Info.plist */ = {isa = PBXFileReference; lastKnownFileType = text.plist.xml; path = Info.plist; sourceTree = "<group>"; };
		648E00E22663E6EE0019E5ED /* lion.mp4 */ = {isa = PBXFileReference; lastKnownFileType = file; path = lion.mp4; sourceTree = "<group>"; };
		648E00E32663E6EE0019E5ED /* rhino.mp4 */ = {isa = PBXFileReference; lastKnownFileType = file; path = rhino.mp4; sourceTree = "<group>"; };
		648E00E42663E6EF0019E5ED /* gorilla.mp4 */ = {isa = PBXFileReference; lastKnownFileType = file; path = gorilla.mp4; sourceTree = "<group>"; };
		648E00E52663E6EF0019E5ED /* lioness.mp4 */ = {isa = PBXFileReference; lastKnownFileType = file; path = lioness.mp4; sourceTree = "<group>"; };
		648E00E62663E6EF0019E5ED /* ostrich.mp4 */ = {isa = PBXFileReference; lastKnownFileType = file; path = ostrich.mp4; sourceTree = "<group>"; };
		648E00E72663E6EF0019E5ED /* giraffe.mp4 */ = {isa = PBXFileReference; lastKnownFileType = file; path = giraffe.mp4; sourceTree = "<group>"; };
		648E00E82663E6F00019E5ED /* cheetah.mp4 */ = {isa = PBXFileReference; lastKnownFileType = file; path = cheetah.mp4; sourceTree = "<group>"; };
		648E00E92663E6F00019E5ED /* zebra.mp4 */ = {isa = PBXFileReference; lastKnownFileType = file; path = zebra.mp4; sourceTree = "<group>"; };
		648E00EA2663E6F00019E5ED /* hippo.mp4 */ = {isa = PBXFileReference; lastKnownFileType = file; path = hippo.mp4; sourceTree = "<group>"; };
		648E00EB2663E6F00019E5ED /* elephant.mp4 */ = {isa = PBXFileReference; lastKnownFileType = file; path = elephant.mp4; sourceTree = "<group>"; };
		648E00F72663E7690019E5ED /* locations.json */ = {isa = PBXFileReference; fileEncoding = 4; lastKnownFileType = text.json; path = locations.json; sourceTree = "<group>"; };
		648E00F82663E7690019E5ED /* animals.json */ = {isa = PBXFileReference; fileEncoding = 4; lastKnownFileType = text.json; path = animals.json; sourceTree = "<group>"; };
		648E00F92663E7690019E5ED /* videos.json */ = {isa = PBXFileReference; fileEncoding = 4; lastKnownFileType = text.json; path = videos.json; sourceTree = "<group>"; };
		648E00FA2663E7690019E5ED /* covers.json */ = {isa = PBXFileReference; fileEncoding = 4; lastKnownFileType = text.json; path = covers.json; sourceTree = "<group>"; };
		648E01002663E9AD0019E5ED /* VideoListView.swift */ = {isa = PBXFileReference; lastKnownFileType = sourcecode.swift; path = VideoListView.swift; sourceTree = "<group>"; };
		648E01022663E9C00019E5ED /* MapView.swift */ = {isa = PBXFileReference; lastKnownFileType = sourcecode.swift; path = MapView.swift; sourceTree = "<group>"; };
		648E01042663E9D20019E5ED /* GalleryView.swift */ = {isa = PBXFileReference; lastKnownFileType = sourcecode.swift; path = GalleryView.swift; sourceTree = "<group>"; };
		648E01062663E9E60019E5ED /* MainView.swift */ = {isa = PBXFileReference; lastKnownFileType = sourcecode.swift; path = MainView.swift; sourceTree = "<group>"; };
		648E01092663FE1F0019E5ED /* CoverImageView.swift */ = {isa = PBXFileReference; lastKnownFileType = sourcecode.swift; path = CoverImageView.swift; sourceTree = "<group>"; };
		648E010C2664015F0019E5ED /* CoverImageModel.swift */ = {isa = PBXFileReference; lastKnownFileType = sourcecode.swift; path = CoverImageModel.swift; sourceTree = "<group>"; };
		648E010F266402620019E5ED /* CodableBundleExtension.swift */ = {isa = PBXFileReference; lastKnownFileType = sourcecode.swift; path = CodableBundleExtension.swift; sourceTree = "<group>"; };
		648E011126640A760019E5ED /* AnimalListItemView.swift */ = {isa = PBXFileReference; lastKnownFileType = sourcecode.swift; path = AnimalListItemView.swift; sourceTree = "<group>"; };
		648E011326640F670019E5ED /* AnimalModel.swift */ = {isa = PBXFileReference; lastKnownFileType = sourcecode.swift; path = AnimalModel.swift; sourceTree = "<group>"; };
		648E0117266447C30019E5ED /* AnimalDetailView.swift */ = {isa = PBXFileReference; lastKnownFileType = sourcecode.swift; path = AnimalDetailView.swift; sourceTree = "<group>"; };
		648E0119266503F80019E5ED /* HeadingView.swift */ = {isa = PBXFileReference; lastKnownFileType = sourcecode.swift; path = HeadingView.swift; sourceTree = "<group>"; };
		648E011B266507520019E5ED /* InsetGalleryView.swift */ = {isa = PBXFileReference; lastKnownFileType = sourcecode.swift; path = InsetGalleryView.swift; sourceTree = "<group>"; };
		648E011D26650F5B0019E5ED /* InsetFactView.swift */ = {isa = PBXFileReference; lastKnownFileType = sourcecode.swift; path = InsetFactView.swift; sourceTree = "<group>"; };
		648E011F2665414E0019E5ED /* InsetMapView.swift */ = {isa = PBXFileReference; lastKnownFileType = sourcecode.swift; path = InsetMapView.swift; sourceTree = "<group>"; };
		648E01212665456A0019E5ED /* ExternalWeblinkView.swift */ = {isa = PBXFileReference; lastKnownFileType = sourcecode.swift; path = ExternalWeblinkView.swift; sourceTree = "<group>"; };
		648E012326654DCC0019E5ED /* VideoModel.swift */ = {isa = PBXFileReference; lastKnownFileType = sourcecode.swift; path = VideoModel.swift; sourceTree = "<group>"; };
		648E012526654E450019E5ED /* VideoListItemView.swift */ = {isa = PBXFileReference; lastKnownFileType = sourcecode.swift; path = VideoListItemView.swift; sourceTree = "<group>"; };
		648E0127266572D90019E5ED /* VideoPlayerView.swift */ = {isa = PBXFileReference; lastKnownFileType = sourcecode.swift; path = VideoPlayerView.swift; sourceTree = "<group>"; };
		648E012A266574E30019E5ED /* VideoPlayerHelper.swift */ = {isa = PBXFileReference; lastKnownFileType = sourcecode.swift; path = VideoPlayerHelper.swift; sourceTree = "<group>"; };
		648E012C26657AD60019E5ED /* LocationModel.swift */ = {isa = PBXFileReference; lastKnownFileType = sourcecode.swift; path = LocationModel.swift; sourceTree = "<group>"; };
		648E012E266580F70019E5ED /* MapAnnotationView.swift */ = {isa = PBXFileReference; lastKnownFileType = sourcecode.swift; path = MapAnnotationView.swift; sourceTree = "<group>"; };
		648E01302666AB8A0019E5ED /* MotionAnimationView.swift */ = {isa = PBXFileReference; lastKnownFileType = sourcecode.swift; path = MotionAnimationView.swift; sourceTree = "<group>"; };
		648E013226681C390019E5ED /* AnimalGridItemView.swift */ = {isa = PBXFileReference; lastKnownFileType = sourcecode.swift; path = AnimalGridItemView.swift; sourceTree = "<group>"; };
		648E013626682C390019E5ED /* stickers.appex */ = {isa = PBXFileReference; explicitFileType = "wrapper.app-extension"; includeInIndex = 0; path = stickers.appex; sourceTree = BUILT_PRODUCTS_DIR; };
		648E013826682C3C0019E5ED /* Stickers.xcassets */ = {isa = PBXFileReference; lastKnownFileType = folder.assetcatalog; path = Stickers.xcassets; sourceTree = "<group>"; };
		648E013A26682C3C0019E5ED /* Info.plist */ = {isa = PBXFileReference; lastKnownFileType = text.plist.xml; path = Info.plist; sourceTree = "<group>"; };
/* End PBXFileReference section */

/* Begin PBXFrameworksBuildPhase section */
		648E00CC2663E3ED0019E5ED /* Frameworks */ = {
			isa = PBXFrameworksBuildPhase;
			buildActionMask = 2147483647;
			files = (
			);
			runOnlyForDeploymentPostprocessing = 0;
		};
/* End PBXFrameworksBuildPhase section */

/* Begin PBXGroup section */
		644F6B27266955250000629F /* Modifiers */ = {
			isa = PBXGroup;
			children = (
				644F6B28266955420000629F /* CenterModifier.swift */,
			);
			path = Modifiers;
			sourceTree = "<group>";
		};
		648E00C62663E3ED0019E5ED = {
			isa = PBXGroup;
			children = (
				648E00D12663E3ED0019E5ED /* africa-swiftui */,
				648E013726682C390019E5ED /* stickers */,
				648E00D02663E3ED0019E5ED /* Products */,
			);
			sourceTree = "<group>";
		};
		648E00D02663E3ED0019E5ED /* Products */ = {
			isa = PBXGroup;
			children = (
				648E00CF2663E3ED0019E5ED /* africa-swiftui.app */,
				648E013626682C390019E5ED /* stickers.appex */,
			);
			name = Products;
			sourceTree = "<group>";
		};
		648E00D12663E3ED0019E5ED /* africa-swiftui */ = {
			isa = PBXGroup;
			children = (
				644F6B2A26695A850000629F /* africa-swiftui.entitlements */,
				644F6B27266955250000629F /* Modifiers */,
				648E00D62663E3EE0019E5ED /* Assets.xcassets */,
				648E00DB2663E3EE0019E5ED /* Info.plist */,
				648E00FF2663E9630019E5ED /* App */,
				648E00F62663E7490019E5ED /* Data */,
				648E010E266402420019E5ED /* Extensions */,
				648E0129266574780019E5ED /* Helper */,
				648E010B2664014F0019E5ED /* Models */,
				648E00D82663E3EE0019E5ED /* Preview Content */,
				648E00E12663E6B40019E5ED /* Video */,
				648E01082663FDAC0019E5ED /* Views */,
			);
			path = "africa-swiftui";
			sourceTree = "<group>";
		};
		648E00D82663E3EE0019E5ED /* Preview Content */ = {
			isa = PBXGroup;
			children = (
				648E00D92663E3EE0019E5ED /* Preview Assets.xcassets */,
			);
			path = "Preview Content";
			sourceTree = "<group>";
		};
		648E00E12663E6B40019E5ED /* Video */ = {
			isa = PBXGroup;
			children = (
				648E00E82663E6F00019E5ED /* cheetah.mp4 */,
				648E00EB2663E6F00019E5ED /* elephant.mp4 */,
				648E00E72663E6EF0019E5ED /* giraffe.mp4 */,
				648E00E42663E6EF0019E5ED /* gorilla.mp4 */,
				648E00EA2663E6F00019E5ED /* hippo.mp4 */,
				648E00E22663E6EE0019E5ED /* lion.mp4 */,
				648E00E52663E6EF0019E5ED /* lioness.mp4 */,
				648E00E62663E6EF0019E5ED /* ostrich.mp4 */,
				648E00E32663E6EE0019E5ED /* rhino.mp4 */,
				648E00E92663E6F00019E5ED /* zebra.mp4 */,
			);
			path = Video;
			sourceTree = "<group>";
		};
		648E00F62663E7490019E5ED /* Data */ = {
			isa = PBXGroup;
			children = (
				648E00F82663E7690019E5ED /* animals.json */,
				648E00FA2663E7690019E5ED /* covers.json */,
				648E00F72663E7690019E5ED /* locations.json */,
				648E00F92663E7690019E5ED /* videos.json */,
			);
			path = Data;
			sourceTree = "<group>";
		};
		648E00FF2663E9630019E5ED /* App */ = {
			isa = PBXGroup;
			children = (
				648E00D22663E3ED0019E5ED /* africa_swiftuiApp.swift */,
				648E00D42663E3ED0019E5ED /* ContentView.swift */,
				648E01042663E9D20019E5ED /* GalleryView.swift */,
				648E01062663E9E60019E5ED /* MainView.swift */,
				648E01022663E9C00019E5ED /* MapView.swift */,
				648E01002663E9AD0019E5ED /* VideoListView.swift */,
			);
			path = App;
			sourceTree = "<group>";
		};
		648E01082663FDAC0019E5ED /* Views */ = {
			isa = PBXGroup;
			children = (
				648E0117266447C30019E5ED /* AnimalDetailView.swift */,
				648E013226681C390019E5ED /* AnimalGridItemView.swift */,
				648E011126640A760019E5ED /* AnimalListItemView.swift */,
				648E01092663FE1F0019E5ED /* CoverImageView.swift */,
				648E01212665456A0019E5ED /* ExternalWeblinkView.swift */,
				648E0119266503F80019E5ED /* HeadingView.swift */,
				648E011D26650F5B0019E5ED /* InsetFactView.swift */,
				648E011B266507520019E5ED /* InsetGalleryView.swift */,
				648E011F2665414E0019E5ED /* InsetMapView.swift */,
				648E012E266580F70019E5ED /* MapAnnotationView.swift */,
				648E01302666AB8A0019E5ED /* MotionAnimationView.swift */,
				648E012526654E450019E5ED /* VideoListItemView.swift */,
				648E0127266572D90019E5ED /* VideoPlayerView.swift */,
				644F6B25266952EF0000629F /* CreditsView.swift */,
			);
			path = Views;
			sourceTree = "<group>";
		};
		648E010B2664014F0019E5ED /* Models */ = {
			isa = PBXGroup;
			children = (
				648E010C2664015F0019E5ED /* CoverImageModel.swift */,
				648E011326640F670019E5ED /* AnimalModel.swift */,
				648E012326654DCC0019E5ED /* VideoModel.swift */,
				648E012C26657AD60019E5ED /* LocationModel.swift */,
			);
			path = Models;
			sourceTree = "<group>";
		};
		648E010E266402420019E5ED /* Extensions */ = {
			isa = PBXGroup;
			children = (
				648E010F266402620019E5ED /* CodableBundleExtension.swift */,
			);
			path = Extensions;
			sourceTree = "<group>";
		};
		648E0129266574780019E5ED /* Helper */ = {
			isa = PBXGroup;
			children = (
				648E012A266574E30019E5ED /* VideoPlayerHelper.swift */,
			);
			path = Helper;
			sourceTree = "<group>";
		};
		648E013726682C390019E5ED /* stickers */ = {
			isa = PBXGroup;
			children = (
				644F6B2B26695C190000629F /* stickers.entitlements */,
				648E013826682C3C0019E5ED /* Stickers.xcassets */,
				648E013A26682C3C0019E5ED /* Info.plist */,
			);
			path = stickers;
			sourceTree = "<group>";
		};
/* End PBXGroup section */

/* Begin PBXNativeTarget section */
		648E00CE2663E3ED0019E5ED /* africa-swiftui */ = {
			isa = PBXNativeTarget;
			buildConfigurationList = 648E00DE2663E3EE0019E5ED /* Build configuration list for PBXNativeTarget "africa-swiftui" */;
			buildPhases = (
				648E00CB2663E3ED0019E5ED /* Sources */,
				648E00CC2663E3ED0019E5ED /* Frameworks */,
				648E00CD2663E3ED0019E5ED /* Resources */,
				648E014126682C3C0019E5ED /* Embed App Extensions */,
			);
			buildRules = (
			);
			dependencies = (
				648E013C26682C3C0019E5ED /* PBXTargetDependency */,
			);
			name = "africa-swiftui";
			productName = "africa-swiftui";
			productReference = 648E00CF2663E3ED0019E5ED /* africa-swiftui.app */;
			productType = "com.apple.product-type.application";
		};
		648E013526682C390019E5ED /* stickers */ = {
			isa = PBXNativeTarget;
			buildConfigurationList = 648E013E26682C3C0019E5ED /* Build configuration list for PBXNativeTarget "stickers" */;
			buildPhases = (
				648E013426682C390019E5ED /* Resources */,
			);
			buildRules = (
			);
			dependencies = (
			);
			name = stickers;
			productName = stickers;
			productReference = 648E013626682C390019E5ED /* stickers.appex */;
			productType = "com.apple.product-type.app-extension.messages-sticker-pack";
		};
/* End PBXNativeTarget section */

/* Begin PBXProject section */
		648E00C72663E3ED0019E5ED /* Project object */ = {
			isa = PBXProject;
			attributes = {
				LastSwiftUpdateCheck = 1250;
				LastUpgradeCheck = 1250;
				TargetAttributes = {
					648E00CE2663E3ED0019E5ED = {
						CreatedOnToolsVersion = 12.5;
					};
					648E013526682C390019E5ED = {
						CreatedOnToolsVersion = 12.5;
					};
				};
			};
			buildConfigurationList = 648E00CA2663E3ED0019E5ED /* Build configuration list for PBXProject "africa-swiftui" */;
			compatibilityVersion = "Xcode 9.3";
			developmentRegion = en;
			hasScannedForEncodings = 0;
			knownRegions = (
				en,
				Base,
			);
			mainGroup = 648E00C62663E3ED0019E5ED;
			productRefGroup = 648E00D02663E3ED0019E5ED /* Products */;
			projectDirPath = "";
			projectRoot = "";
			targets = (
				648E00CE2663E3ED0019E5ED /* africa-swiftui */,
				648E013526682C390019E5ED /* stickers */,
			);
		};
/* End PBXProject section */

/* Begin PBXResourcesBuildPhase section */
		648E00CD2663E3ED0019E5ED /* Resources */ = {
			isa = PBXResourcesBuildPhase;
			buildActionMask = 2147483647;
			files = (
				648E00FB2663E7690019E5ED /* locations.json in Resources */,
				648E00ED2663E6F00019E5ED /* rhino.mp4 in Resources */,
				648E00FD2663E7690019E5ED /* videos.json in Resources */,
				648E00F42663E6F00019E5ED /* hippo.mp4 in Resources */,
				648E00F02663E6F00019E5ED /* ostrich.mp4 in Resources */,
				648E00FE2663E7690019E5ED /* covers.json in Resources */,
				648E00DA2663E3EE0019E5ED /* Preview Assets.xcassets in Resources */,
				648E00EE2663E6F00019E5ED /* gorilla.mp4 in Resources */,
				648E00EC2663E6F00019E5ED /* lion.mp4 in Resources */,
				648E00FC2663E7690019E5ED /* animals.json in Resources */,
				648E00D72663E3EE0019E5ED /* Assets.xcassets in Resources */,
				648E00F32663E6F00019E5ED /* zebra.mp4 in Resources */,
				648E00F52663E6F00019E5ED /* elephant.mp4 in Resources */,
				648E00F12663E6F00019E5ED /* giraffe.mp4 in Resources */,
				648E00EF2663E6F00019E5ED /* lioness.mp4 in Resources */,
				648E00F22663E6F00019E5ED /* cheetah.mp4 in Resources */,
			);
			runOnlyForDeploymentPostprocessing = 0;
		};
		648E013426682C390019E5ED /* Resources */ = {
			isa = PBXResourcesBuildPhase;
			buildActionMask = 2147483647;
			files = (
				648E013926682C3C0019E5ED /* Stickers.xcassets in Resources */,
			);
			runOnlyForDeploymentPostprocessing = 0;
		};
/* End PBXResourcesBuildPhase section */

/* Begin PBXSourcesBuildPhase section */
		648E00CB2663E3ED0019E5ED /* Sources */ = {
			isa = PBXSourcesBuildPhase;
			buildActionMask = 2147483647;
			files = (
				648E01222665456A0019E5ED /* ExternalWeblinkView.swift in Sources */,
				648E00D52663E3ED0019E5ED /* ContentView.swift in Sources */,
				648E011226640A760019E5ED /* AnimalListItemView.swift in Sources */,
				648E01072663E9E60019E5ED /* MainView.swift in Sources */,
				648E011E26650F5B0019E5ED /* InsetFactView.swift in Sources */,
				648E010A2663FE1F0019E5ED /* CoverImageView.swift in Sources */,
				648E010D2664015F0019E5ED /* CoverImageModel.swift in Sources */,
				648E0118266447C30019E5ED /* AnimalDetailView.swift in Sources */,
				648E011426640F670019E5ED /* AnimalModel.swift in Sources */,
				648E011C266507520019E5ED /* InsetGalleryView.swift in Sources */,
				648E012B266574E30019E5ED /* VideoPlayerHelper.swift in Sources */,
				648E01202665414E0019E5ED /* InsetMapView.swift in Sources */,
				648E01032663E9C00019E5ED /* MapView.swift in Sources */,
				648E012F266580F70019E5ED /* MapAnnotationView.swift in Sources */,
				648E00D32663E3ED0019E5ED /* africa_swiftuiApp.swift in Sources */,
				648E012426654DCC0019E5ED /* VideoModel.swift in Sources */,
				648E01012663E9AD0019E5ED /* VideoListView.swift in Sources */,
				648E012D26657AD60019E5ED /* LocationModel.swift in Sources */,
				648E013326681C390019E5ED /* AnimalGridItemView.swift in Sources */,
				648E01052663E9D20019E5ED /* GalleryView.swift in Sources */,
				648E012626654E450019E5ED /* VideoListItemView.swift in Sources */,
				644F6B26266952EF0000629F /* CreditsView.swift in Sources */,
				648E0110266402620019E5ED /* CodableBundleExtension.swift in Sources */,
				648E01312666AB8A0019E5ED /* MotionAnimationView.swift in Sources */,
				644F6B29266955420000629F /* CenterModifier.swift in Sources */,
				648E011A266503F80019E5ED /* HeadingView.swift in Sources */,
				648E0128266572D90019E5ED /* VideoPlayerView.swift in Sources */,
			);
			runOnlyForDeploymentPostprocessing = 0;
		};
/* End PBXSourcesBuildPhase section */

/* Begin PBXTargetDependency section */
		648E013C26682C3C0019E5ED /* PBXTargetDependency */ = {
			isa = PBXTargetDependency;
			platformFilter = ios;
			target = 648E013526682C390019E5ED /* stickers */;
			targetProxy = 648E013B26682C3C0019E5ED /* PBXContainerItemProxy */;
		};
/* End PBXTargetDependency section */

/* Begin XCBuildConfiguration section */
		648E00DC2663E3EE0019E5ED /* Debug */ = {
			isa = XCBuildConfiguration;
			buildSettings = {
				ALWAYS_SEARCH_USER_PATHS = NO;
				CLANG_ANALYZER_NONNULL = YES;
				CLANG_ANALYZER_NUMBER_OBJECT_CONVERSION = YES_AGGRESSIVE;
				CLANG_CXX_LANGUAGE_STANDARD = "gnu++14";
				CLANG_CXX_LIBRARY = "libc++";
				CLANG_ENABLE_MODULES = YES;
				CLANG_ENABLE_OBJC_ARC = YES;
				CLANG_ENABLE_OBJC_WEAK = YES;
				CLANG_WARN_BLOCK_CAPTURE_AUTORELEASING = YES;
				CLANG_WARN_BOOL_CONVERSION = YES;
				CLANG_WARN_COMMA = YES;
				CLANG_WARN_CONSTANT_CONVERSION = YES;
				CLANG_WARN_DEPRECATED_OBJC_IMPLEMENTATIONS = YES;
				CLANG_WARN_DIRECT_OBJC_ISA_USAGE = YES_ERROR;
				CLANG_WARN_DOCUMENTATION_COMMENTS = YES;
				CLANG_WARN_EMPTY_BODY = YES;
				CLANG_WARN_ENUM_CONVERSION = YES;
				CLANG_WARN_INFINITE_RECURSION = YES;
				CLANG_WARN_INT_CONVERSION = YES;
				CLANG_WARN_NON_LITERAL_NULL_CONVERSION = YES;
				CLANG_WARN_OBJC_IMPLICIT_RETAIN_SELF = YES;
				CLANG_WARN_OBJC_LITERAL_CONVERSION = YES;
				CLANG_WARN_OBJC_ROOT_CLASS = YES_ERROR;
				CLANG_WARN_QUOTED_INCLUDE_IN_FRAMEWORK_HEADER = YES;
				CLANG_WARN_RANGE_LOOP_ANALYSIS = YES;
				CLANG_WARN_STRICT_PROTOTYPES = YES;
				CLANG_WARN_SUSPICIOUS_MOVE = YES;
				CLANG_WARN_UNGUARDED_AVAILABILITY = YES_AGGRESSIVE;
				CLANG_WARN_UNREACHABLE_CODE = YES;
				CLANG_WARN__DUPLICATE_METHOD_MATCH = YES;
				COPY_PHASE_STRIP = NO;
				DEBUG_INFORMATION_FORMAT = dwarf;
				ENABLE_STRICT_OBJC_MSGSEND = YES;
				ENABLE_TESTABILITY = YES;
				GCC_C_LANGUAGE_STANDARD = gnu11;
				GCC_DYNAMIC_NO_PIC = NO;
				GCC_NO_COMMON_BLOCKS = YES;
				GCC_OPTIMIZATION_LEVEL = 0;
				GCC_PREPROCESSOR_DEFINITIONS = (
					"DEBUG=1",
					"$(inherited)",
				);
				GCC_WARN_64_TO_32_BIT_CONVERSION = YES;
				GCC_WARN_ABOUT_RETURN_TYPE = YES_ERROR;
				GCC_WARN_UNDECLARED_SELECTOR = YES;
				GCC_WARN_UNINITIALIZED_AUTOS = YES_AGGRESSIVE;
				GCC_WARN_UNUSED_FUNCTION = YES;
				GCC_WARN_UNUSED_VARIABLE = YES;
				IPHONEOS_DEPLOYMENT_TARGET = 14.5;
				MTL_ENABLE_DEBUG_INFO = INCLUDE_SOURCE;
				MTL_FAST_MATH = YES;
				ONLY_ACTIVE_ARCH = YES;
				SDKROOT = iphoneos;
				SWIFT_ACTIVE_COMPILATION_CONDITIONS = DEBUG;
				SWIFT_OPTIMIZATION_LEVEL = "-Onone";
			};
			name = Debug;
		};
		648E00DD2663E3EE0019E5ED /* Release */ = {
			isa = XCBuildConfiguration;
			buildSettings = {
				ALWAYS_SEARCH_USER_PATHS = NO;
				CLANG_ANALYZER_NONNULL = YES;
				CLANG_ANALYZER_NUMBER_OBJECT_CONVERSION = YES_AGGRESSIVE;
				CLANG_CXX_LANGUAGE_STANDARD = "gnu++14";
				CLANG_CXX_LIBRARY = "libc++";
				CLANG_ENABLE_MODULES = YES;
				CLANG_ENABLE_OBJC_ARC = YES;
				CLANG_ENABLE_OBJC_WEAK = YES;
				CLANG_WARN_BLOCK_CAPTURE_AUTORELEASING = YES;
				CLANG_WARN_BOOL_CONVERSION = YES;
				CLANG_WARN_COMMA = YES;
				CLANG_WARN_CONSTANT_CONVERSION = YES;
				CLANG_WARN_DEPRECATED_OBJC_IMPLEMENTATIONS = YES;
				CLANG_WARN_DIRECT_OBJC_ISA_USAGE = YES_ERROR;
				CLANG_WARN_DOCUMENTATION_COMMENTS = YES;
				CLANG_WARN_EMPTY_BODY = YES;
				CLANG_WARN_ENUM_CONVERSION = YES;
				CLANG_WARN_INFINITE_RECURSION = YES;
				CLANG_WARN_INT_CONVERSION = YES;
				CLANG_WARN_NON_LITERAL_NULL_CONVERSION = YES;
				CLANG_WARN_OBJC_IMPLICIT_RETAIN_SELF = YES;
				CLANG_WARN_OBJC_LITERAL_CONVERSION = YES;
				CLANG_WARN_OBJC_ROOT_CLASS = YES_ERROR;
				CLANG_WARN_QUOTED_INCLUDE_IN_FRAMEWORK_HEADER = YES;
				CLANG_WARN_RANGE_LOOP_ANALYSIS = YES;
				CLANG_WARN_STRICT_PROTOTYPES = YES;
				CLANG_WARN_SUSPICIOUS_MOVE = YES;
				CLANG_WARN_UNGUARDED_AVAILABILITY = YES_AGGRESSIVE;
				CLANG_WARN_UNREACHABLE_CODE = YES;
				CLANG_WARN__DUPLICATE_METHOD_MATCH = YES;
				COPY_PHASE_STRIP = NO;
				DEBUG_INFORMATION_FORMAT = "dwarf-with-dsym";
				ENABLE_NS_ASSERTIONS = NO;
				ENABLE_STRICT_OBJC_MSGSEND = YES;
				GCC_C_LANGUAGE_STANDARD = gnu11;
				GCC_NO_COMMON_BLOCKS = YES;
				GCC_WARN_64_TO_32_BIT_CONVERSION = YES;
				GCC_WARN_ABOUT_RETURN_TYPE = YES_ERROR;
				GCC_WARN_UNDECLARED_SELECTOR = YES;
				GCC_WARN_UNINITIALIZED_AUTOS = YES_AGGRESSIVE;
				GCC_WARN_UNUSED_FUNCTION = YES;
				GCC_WARN_UNUSED_VARIABLE = YES;
				IPHONEOS_DEPLOYMENT_TARGET = 14.5;
				MTL_ENABLE_DEBUG_INFO = NO;
				MTL_FAST_MATH = YES;
				SDKROOT = iphoneos;
				SWIFT_COMPILATION_MODE = wholemodule;
				SWIFT_OPTIMIZATION_LEVEL = "-O";
				VALIDATE_PRODUCT = YES;
			};
			name = Release;
		};
		648E00DF2663E3EE0019E5ED /* Debug */ = {
			isa = XCBuildConfiguration;
			buildSettings = {
				ASSETCATALOG_COMPILER_APPICON_NAME = AppIcon;
				ASSETCATALOG_COMPILER_GLOBAL_ACCENT_COLOR_NAME = AccentColor;
				CODE_SIGN_ENTITLEMENTS = "africa-swiftui/africa-swiftui.entitlements";
				"CODE_SIGN_IDENTITY[sdk=macosx*]" = "-";
				CODE_SIGN_STYLE = Automatic;
				DEVELOPMENT_ASSET_PATHS = "\"africa-swiftui/Preview Content\"";
				ENABLE_PREVIEWS = YES;
				INFOPLIST_FILE = "africa-swiftui/Info.plist";
				IPHONEOS_DEPLOYMENT_TARGET = 14.0;
				LD_RUNPATH_SEARCH_PATHS = (
					"$(inherited)",
					"@executable_path/Frameworks",
				);
				PRODUCT_BUNDLE_IDENTIFIER = "io.irisida.africa-swiftui";
				PRODUCT_NAME = "$(TARGET_NAME)";
				SUPPORTS_MACCATALYST = YES;
				SUPPORTS_MAC_DESIGNED_FOR_IPHONE_IPAD = YES;
				SWIFT_VERSION = 5.0;
				TARGETED_DEVICE_FAMILY = "1,2";
			};
			name = Debug;
		};
		648E00E02663E3EE0019E5ED /* Release */ = {
			isa = XCBuildConfiguration;
			buildSettings = {
				ASSETCATALOG_COMPILER_APPICON_NAME = AppIcon;
				ASSETCATALOG_COMPILER_GLOBAL_ACCENT_COLOR_NAME = AccentColor;
				CODE_SIGN_ENTITLEMENTS = "africa-swiftui/africa-swiftui.entitlements";
				"CODE_SIGN_IDENTITY[sdk=macosx*]" = "-";
				CODE_SIGN_STYLE = Automatic;
				DEVELOPMENT_ASSET_PATHS = "\"africa-swiftui/Preview Content\"";
				ENABLE_PREVIEWS = YES;
				INFOPLIST_FILE = "africa-swiftui/Info.plist";
				IPHONEOS_DEPLOYMENT_TARGET = 14.0;
				LD_RUNPATH_SEARCH_PATHS = (
					"$(inherited)",
					"@executable_path/Frameworks",
				);
				PRODUCT_BUNDLE_IDENTIFIER = "io.irisida.africa-swiftui";
				PRODUCT_NAME = "$(TARGET_NAME)";
				SUPPORTS_MACCATALYST = YES;
				SUPPORTS_MAC_DESIGNED_FOR_IPHONE_IPAD = YES;
				SWIFT_VERSION = 5.0;
				TARGETED_DEVICE_FAMILY = "1,2";
			};
			name = Release;
		};
		648E013F26682C3C0019E5ED /* Debug */ = {
			isa = XCBuildConfiguration;
			buildSettings = {
				ASSETCATALOG_COMPILER_APPICON_NAME = "iMessage App Icon";
				CODE_SIGN_ENTITLEMENTS = stickers/stickers.entitlements;
				CODE_SIGN_STYLE = Automatic;
				INFOPLIST_FILE = stickers/Info.plist;
				IPHONEOS_DEPLOYMENT_TARGET = 10.0;
				PRODUCT_BUNDLE_IDENTIFIER = "io.irisida.africa-swiftui.stickers";
				PRODUCT_NAME = "$(TARGET_NAME)";
				SKIP_INSTALL = YES;
				SUPPORTS_MACCATALYST = YES;
				TARGETED_DEVICE_FAMILY = "1,2";
			};
			name = Debug;
		};
		648E014026682C3C0019E5ED /* Release */ = {
			isa = XCBuildConfiguration;
			buildSettings = {
				ASSETCATALOG_COMPILER_APPICON_NAME = "iMessage App Icon";
				CODE_SIGN_ENTITLEMENTS = stickers/stickers.entitlements;
				CODE_SIGN_STYLE = Automatic;
				INFOPLIST_FILE = stickers/Info.plist;
				IPHONEOS_DEPLOYMENT_TARGET = 10.0;
				PRODUCT_BUNDLE_IDENTIFIER = "io.irisida.africa-swiftui.stickers";
				PRODUCT_NAME = "$(TARGET_NAME)";
				SKIP_INSTALL = YES;
				SUPPORTS_MACCATALYST = YES;
				TARGETED_DEVICE_FAMILY = "1,2";
			};
			name = Release;
		};
/* End XCBuildConfiguration section */

/* Begin XCConfigurationList section */
		648E00CA2663E3ED0019E5ED /* Build configuration list for PBXProject "africa-swiftui" */ = {
			isa = XCConfigurationList;
			buildConfigurations = (
				648E00DC2663E3EE0019E5ED /* Debug */,
				648E00DD2663E3EE0019E5ED /* Release */,
			);
			defaultConfigurationIsVisible = 0;
			defaultConfigurationName = Release;
		};
		648E00DE2663E3EE0019E5ED /* Build configuration list for PBXNativeTarget "africa-swiftui" */ = {
			isa = XCConfigurationList;
			buildConfigurations = (
				648E00DF2663E3EE0019E5ED /* Debug */,
				648E00E02663E3EE0019E5ED /* Release */,
			);
			defaultConfigurationIsVisible = 0;
			defaultConfigurationName = Release;
		};
		648E013E26682C3C0019E5ED /* Build configuration list for PBXNativeTarget "stickers" */ = {
			isa = XCConfigurationList;
			buildConfigurations = (
				648E013F26682C3C0019E5ED /* Debug */,
				648E014026682C3C0019E5ED /* Release */,
			);
			defaultConfigurationIsVisible = 0;
			defaultConfigurationName = Release;
		};
/* End XCConfigurationList section */
	};
	rootObject = 648E00C72663E3ED0019E5ED /* Project object */;
}
